// !$*UTF8*$!
{
	archiveVersion = 1;
	classes = {
	};
	objectVersion = 56;
	objects = {

/* Begin PBXBuildFile section */
		25432F5B2C8F110B00F6AAB8 /* AppDelegate.swift in Sources */ = {isa = PBXBuildFile; fileRef = 25432F5A2C8F110B00F6AAB8 /* AppDelegate.swift */; };
		25432F5D2C8F110B00F6AAB8 /* SceneDelegate.swift in Sources */ = {isa = PBXBuildFile; fileRef = 25432F5C2C8F110B00F6AAB8 /* SceneDelegate.swift */; };
		25432F622C8F110B00F6AAB8 /* Main.storyboard in Resources */ = {isa = PBXBuildFile; fileRef = 25432F602C8F110B00F6AAB8 /* Main.storyboard */; };
		25432F642C8F110F00F6AAB8 /* Assets.xcassets in Resources */ = {isa = PBXBuildFile; fileRef = 25432F632C8F110F00F6AAB8 /* Assets.xcassets */; };
		25432F672C8F110F00F6AAB8 /* LaunchScreen.storyboard in Resources */ = {isa = PBXBuildFile; fileRef = 25432F652C8F110F00F6AAB8 /* LaunchScreen.storyboard */; };
		25432F7E2C8F25FF00F6AAB8 /* Movie.swift in Sources */ = {isa = PBXBuildFile; fileRef = 25432F7D2C8F25FF00F6AAB8 /* Movie.swift */; };
		25432F802C8F269F00F6AAB8 /* MovieManager.swift in Sources */ = {isa = PBXBuildFile; fileRef = 25432F7F2C8F269F00F6AAB8 /* MovieManager.swift */; };
		25A78ED92C90049300161F51 /* MoviesTableViewController.swift in Sources */ = {isa = PBXBuildFile; fileRef = 25A78ED82C90049300161F51 /* MoviesTableViewController.swift */; };
		25A78EDD2C90050200161F51 /* MovieDetailViewController.swift in Sources */ = {isa = PBXBuildFile; fileRef = 25A78EDC2C90050200161F51 /* MovieDetailViewController.swift */; };
/* End PBXBuildFile section */

/* Begin PBXFileReference section */
		25432F572C8F110B00F6AAB8 /* MovieMax.app */ = {isa = PBXFileReference; explicitFileType = wrapper.application; includeInIndex = 0; path = MovieMax.app; sourceTree = BUILT_PRODUCTS_DIR; };
		25432F5A2C8F110B00F6AAB8 /* AppDelegate.swift */ = {isa = PBXFileReference; lastKnownFileType = sourcecode.swift; path = AppDelegate.swift; sourceTree = "<group>"; };
		25432F5C2C8F110B00F6AAB8 /* SceneDelegate.swift */ = {isa = PBXFileReference; lastKnownFileType = sourcecode.swift; path = SceneDelegate.swift; sourceTree = "<group>"; };
		25432F612C8F110B00F6AAB8 /* Base */ = {isa = PBXFileReference; lastKnownFileType = file.storyboard; name = Base; path = Base.lproj/Main.storyboard; sourceTree = "<group>"; };
		25432F632C8F110F00F6AAB8 /* Assets.xcassets */ = {isa = PBXFileReference; lastKnownFileType = folder.assetcatalog; path = Assets.xcassets; sourceTree = "<group>"; };
		25432F662C8F110F00F6AAB8 /* Base */ = {isa = PBXFileReference; lastKnownFileType = file.storyboard; name = Base; path = Base.lproj/LaunchScreen.storyboard; sourceTree = "<group>"; };
		25432F682C8F110F00F6AAB8 /* Info.plist */ = {isa = PBXFileReference; lastKnownFileType = text.plist.xml; path = Info.plist; sourceTree = "<group>"; };
		25432F7D2C8F25FF00F6AAB8 /* Movie.swift */ = {isa = PBXFileReference; lastKnownFileType = sourcecode.swift; path = Movie.swift; sourceTree = "<group>"; };
		25432F7F2C8F269F00F6AAB8 /* MovieManager.swift */ = {isa = PBXFileReference; lastKnownFileType = sourcecode.swift; path = MovieManager.swift; sourceTree = "<group>"; };
		25A78ED82C90049300161F51 /* MoviesTableViewController.swift */ = {isa = PBXFileReference; lastKnownFileType = sourcecode.swift; path = MoviesTableViewController.swift; sourceTree = "<group>"; };
		25A78EDC2C90050200161F51 /* MovieDetailViewController.swift */ = {isa = PBXFileReference; lastKnownFileType = sourcecode.swift; path = MovieDetailViewController.swift; sourceTree = "<group>"; };
/* End PBXFileReference section */

/* Begin PBXFrameworksBuildPhase section */
		25432F542C8F110B00F6AAB8 /* Frameworks */ = {
			isa = PBXFrameworksBuildPhase;
			buildActionMask = 2147483647;
			files = (
			);
			runOnlyForDeploymentPostprocessing = 0;
		};
/* End PBXFrameworksBuildPhase section */

/* Begin PBXGroup section */
		25432F4E2C8F110B00F6AAB8 = {
			isa = PBXGroup;
			children = (
				25432F592C8F110B00F6AAB8 /* MovieMax */,
				25432F582C8F110B00F6AAB8 /* Products */,
			);
			sourceTree = "<group>";
		};
		25432F582C8F110B00F6AAB8 /* Products */ = {
			isa = PBXGroup;
			children = (
				25432F572C8F110B00F6AAB8 /* MovieMax.app */,
			);
			name = Products;
			sourceTree = "<group>";
		};
		25432F592C8F110B00F6AAB8 /* MovieMax */ = {
			isa = PBXGroup;
			children = (
				25432F5A2C8F110B00F6AAB8 /* AppDelegate.swift */,
				25432F5C2C8F110B00F6AAB8 /* SceneDelegate.swift */,
				25432F7A2C8F23B000F6AAB8 /* Controllers */,
				25432F732C8F234100F6AAB8 /* Model */,
				25432F6E2C8F22DA00F6AAB8 /* View */,
				25432F632C8F110F00F6AAB8 /* Assets.xcassets */,
				25432F652C8F110F00F6AAB8 /* LaunchScreen.storyboard */,
				25432F682C8F110F00F6AAB8 /* Info.plist */,
			);
			path = MovieMax;
			sourceTree = "<group>";
		};
		25432F6E2C8F22DA00F6AAB8 /* View */ = {
			isa = PBXGroup;
			children = (
				25432F602C8F110B00F6AAB8 /* Main.storyboard */,
			);
			path = View;
			sourceTree = "<group>";
		};
		25432F732C8F234100F6AAB8 /* Model */ = {
			isa = PBXGroup;
			children = (
				25432F7D2C8F25FF00F6AAB8 /* Movie.swift */,
				25432F7F2C8F269F00F6AAB8 /* MovieManager.swift */,
			);
			path = Model;
			sourceTree = "<group>";
		};
		25432F7A2C8F23B000F6AAB8 /* Controllers */ = {
			isa = PBXGroup;
			children = (
				25A78ED82C90049300161F51 /* MoviesTableViewController.swift */,
				25A78EDC2C90050200161F51 /* MovieDetailViewController.swift */,
			);
			path = Controllers;
			sourceTree = "<group>";
		};
/* End PBXGroup section */

/* Begin PBXNativeTarget section */
		25432F562C8F110B00F6AAB8 /* MovieMax */ = {
			isa = PBXNativeTarget;
			buildConfigurationList = 25432F6B2C8F110F00F6AAB8 /* Build configuration list for PBXNativeTarget "MovieMax" */;
			buildPhases = (
				25432F532C8F110B00F6AAB8 /* Sources */,
				25432F542C8F110B00F6AAB8 /* Frameworks */,
				25432F552C8F110B00F6AAB8 /* Resources */,
			);
			buildRules = (
			);
			dependencies = (
			);
			name = MovieMax;
			productName = MovieMax;
			productReference = 25432F572C8F110B00F6AAB8 /* MovieMax.app */;
			productType = "com.apple.product-type.application";
		};
/* End PBXNativeTarget section */

/* Begin PBXProject section */
		25432F4F2C8F110B00F6AAB8 /* Project object */ = {
			isa = PBXProject;
			attributes = {
				BuildIndependentTargetsInParallel = 1;
				LastSwiftUpdateCheck = 1520;
				LastUpgradeCheck = 1520;
				TargetAttributes = {
					25432F562C8F110B00F6AAB8 = {
						CreatedOnToolsVersion = 15.2;
					};
				};
			};
			buildConfigurationList = 25432F522C8F110B00F6AAB8 /* Build configuration list for PBXProject "MovieMax" */;
			compatibilityVersion = "Xcode 14.0";
			developmentRegion = en;
			hasScannedForEncodings = 0;
			knownRegions = (
				en,
				Base,
			);
			mainGroup = 25432F4E2C8F110B00F6AAB8;
			productRefGroup = 25432F582C8F110B00F6AAB8 /* Products */;
			projectDirPath = "";
			projectRoot = "";
			targets = (
				25432F562C8F110B00F6AAB8 /* MovieMax */,
			);
		};
/* End PBXProject section */

/* Begin PBXResourcesBuildPhase section */
		25432F552C8F110B00F6AAB8 /* Resources */ = {
			isa = PBXResourcesBuildPhase;
			buildActionMask = 2147483647;
			files = (
				25432F672C8F110F00F6AAB8 /* LaunchScreen.storyboard in Resources */,
				25432F642C8F110F00F6AAB8 /* Assets.xcassets in Resources */,
				25432F622C8F110B00F6AAB8 /* Main.storyboard in Resources */,
			);
			runOnlyForDeploymentPostprocessing = 0;
		};
/* End PBXResourcesBuildPhase section */

/* Begin PBXSourcesBuildPhase section */
		25432F532C8F110B00F6AAB8 /* Sources */ = {
			isa = PBXSourcesBuildPhase;
			buildActionMask = 2147483647;
			files = (
				25432F5B2C8F110B00F6AAB8 /* AppDelegate.swift in Sources */,
				25432F7E2C8F25FF00F6AAB8 /* Movie.swift in Sources */,
				25432F5D2C8F110B00F6AAB8 /* SceneDelegate.swift in Sources */,
				25432F802C8F269F00F6AAB8 /* MovieManager.swift in Sources */,
				25A78EDD2C90050200161F51 /* MovieDetailViewController.swift in Sources */,
				25A78ED92C90049300161F51 /* MoviesTableViewController.swift in Sources */,
			);
			runOnlyForDeploymentPostprocessing = 0;
		};
/* End PBXSourcesBuildPhase section */

/* Begin PBXVariantGroup section */
		25432F602C8F110B00F6AAB8 /* Main.storyboard */ = {
			isa = PBXVariantGroup;
			children = (
				25432F612C8F110B00F6AAB8 /* Base */,
			);
			name = Main.storyboard;
			sourceTree = "<group>";
		};
		25432F652C8F110F00F6AAB8 /* LaunchScreen.storyboard */ = {
			isa = PBXVariantGroup;
			children = (
				25432F662C8F110F00F6AAB8 /* Base */,
			);
			name = LaunchScreen.storyboard;
			sourceTree = "<group>";
		};
/* End PBXVariantGroup section */

/* Begin XCBuildConfiguration section */
		25432F692C8F110F00F6AAB8 /* Debug */ = {
			isa = XCBuildConfiguration;
			buildSettings = {
				ALWAYS_SEARCH_USER_PATHS = NO;
				ASSETCATALOG_COMPILER_GENERATE_SWIFT_ASSET_SYMBOL_EXTENSIONS = YES;
				CLANG_ANALYZER_NONNULL = YES;
				CLANG_ANALYZER_NUMBER_OBJECT_CONVERSION = YES_AGGRESSIVE;
				CLANG_CXX_LANGUAGE_STANDARD = "gnu++20";
				CLANG_ENABLE_MODULES = YES;
				CLANG_ENABLE_OBJC_ARC = YES;
				CLANG_ENABLE_OBJC_WEAK = YES;
				CLANG_WARN_BLOCK_CAPTURE_AUTORELEASING = YES;
				CLANG_WARN_BOOL_CONVERSION = YES;
				CLANG_WARN_COMMA = YES;
				CLANG_WARN_CONSTANT_CONVERSION = YES;
				CLANG_WARN_DEPRECATED_OBJC_IMPLEMENTATIONS = YES;
				CLANG_WARN_DIRECT_OBJC_ISA_USAGE = YES_ERROR;
				CLANG_WARN_DOCUMENTATION_COMMENTS = YES;
				CLANG_WARN_EMPTY_BODY = YES;
				CLANG_WARN_ENUM_CONVERSION = YES;
				CLANG_WARN_INFINITE_RECURSION = YES;
				CLANG_WARN_INT_CONVERSION = YES;
				CLANG_WARN_NON_LITERAL_NULL_CONVERSION = YES;
				CLANG_WARN_OBJC_IMPLICIT_RETAIN_SELF = YES;
				CLANG_WARN_OBJC_LITERAL_CONVERSION = YES;
				CLANG_WARN_OBJC_ROOT_CLASS = YES_ERROR;
				CLANG_WARN_QUOTED_INCLUDE_IN_FRAMEWORK_HEADER = YES;
				CLANG_WARN_RANGE_LOOP_ANALYSIS = YES;
				CLANG_WARN_STRICT_PROTOTYPES = YES;
				CLANG_WARN_SUSPICIOUS_MOVE = YES;
				CLANG_WARN_UNGUARDED_AVAILABILITY = YES_AGGRESSIVE;
				CLANG_WARN_UNREACHABLE_CODE = YES;
				CLANG_WARN__DUPLICATE_METHOD_MATCH = YES;
				COPY_PHASE_STRIP = NO;
				DEBUG_INFORMATION_FORMAT = dwarf;
				ENABLE_STRICT_OBJC_MSGSEND = YES;
				ENABLE_TESTABILITY = YES;
				ENABLE_USER_SCRIPT_SANDBOXING = YES;
				GCC_C_LANGUAGE_STANDARD = gnu17;
				GCC_DYNAMIC_NO_PIC = NO;
				GCC_NO_COMMON_BLOCKS = YES;
				GCC_OPTIMIZATION_LEVEL = 0;
				GCC_PREPROCESSOR_DEFINITIONS = (
					"DEBUG=1",
					"$(inherited)",
				);
				GCC_WARN_64_TO_32_BIT_CONVERSION = YES;
				GCC_WARN_ABOUT_RETURN_TYPE = YES_ERROR;
				GCC_WARN_UNDECLARED_SELECTOR = YES;
				GCC_WARN_UNINITIALIZED_AUTOS = YES_AGGRESSIVE;
				GCC_WARN_UNUSED_FUNCTION = YES;
				GCC_WARN_UNUSED_VARIABLE = YES;
				IPHONEOS_DEPLOYMENT_TARGET = 17.2;
				LOCALIZATION_PREFERS_STRING_CATALOGS = YES;
				MTL_ENABLE_DEBUG_INFO = INCLUDE_SOURCE;
				MTL_FAST_MATH = YES;
				ONLY_ACTIVE_ARCH = YES;
				SDKROOT = iphoneos;
				SWIFT_ACTIVE_COMPILATION_CONDITIONS = "DEBUG $(inherited)";
				SWIFT_OPTIMIZATION_LEVEL = "-Onone";
			};
			name = Debug;
		};
		25432F6A2C8F110F00F6AAB8 /* Release */ = {
			isa = XCBuildConfiguration;
			buildSettings = {
				ALWAYS_SEARCH_USER_PATHS = NO;
				ASSETCATALOG_COMPILER_GENERATE_SWIFT_ASSET_SYMBOL_EXTENSIONS = YES;
				CLANG_ANALYZER_NONNULL = YES;
				CLANG_ANALYZER_NUMBER_OBJECT_CONVERSION = YES_AGGRESSIVE;
				CLANG_CXX_LANGUAGE_STANDARD = "gnu++20";
				CLANG_ENABLE_MODULES = YES;
				CLANG_ENABLE_OBJC_ARC = YES;
				CLANG_ENABLE_OBJC_WEAK = YES;
				CLANG_WARN_BLOCK_CAPTURE_AUTORELEASING = YES;
				CLANG_WARN_BOOL_CONVERSION = YES;
				CLANG_WARN_COMMA = YES;
				CLANG_WARN_CONSTANT_CONVERSION = YES;
				CLANG_WARN_DEPRECATED_OBJC_IMPLEMENTATIONS = YES;
				CLANG_WARN_DIRECT_OBJC_ISA_USAGE = YES_ERROR;
				CLANG_WARN_DOCUMENTATION_COMMENTS = YES;
				CLANG_WARN_EMPTY_BODY = YES;
				CLANG_WARN_ENUM_CONVERSION = YES;
				CLANG_WARN_INFINITE_RECURSION = YES;
				CLANG_WARN_INT_CONVERSION = YES;
				CLANG_WARN_NON_LITERAL_NULL_CONVERSION = YES;
				CLANG_WARN_OBJC_IMPLICIT_RETAIN_SELF = YES;
				CLANG_WARN_OBJC_LITERAL_CONVERSION = YES;
				CLANG_WARN_OBJC_ROOT_CLASS = YES_ERROR;
				CLANG_WARN_QUOTED_INCLUDE_IN_FRAMEWORK_HEADER = YES;
				CLANG_WARN_RANGE_LOOP_ANALYSIS = YES;
				CLANG_WARN_STRICT_PROTOTYPES = YES;
				CLANG_WARN_SUSPICIOUS_MOVE = YES;
				CLANG_WARN_UNGUARDED_AVAILABILITY = YES_AGGRESSIVE;
				CLANG_WARN_UNREACHABLE_CODE = YES;
				CLANG_WARN__DUPLICATE_METHOD_MATCH = YES;
				COPY_PHASE_STRIP = NO;
				DEBUG_INFORMATION_FORMAT = "dwarf-with-dsym";
				ENABLE_NS_ASSERTIONS = NO;
				ENABLE_STRICT_OBJC_MSGSEND = YES;
				ENABLE_USER_SCRIPT_SANDBOXING = YES;
				GCC_C_LANGUAGE_STANDARD = gnu17;
				GCC_NO_COMMON_BLOCKS = YES;
				GCC_WARN_64_TO_32_BIT_CONVERSION = YES;
				GCC_WARN_ABOUT_RETURN_TYPE = YES_ERROR;
				GCC_WARN_UNDECLARED_SELECTOR = YES;
				GCC_WARN_UNINITIALIZED_AUTOS = YES_AGGRESSIVE;
				GCC_WARN_UNUSED_FUNCTION = YES;
				GCC_WARN_UNUSED_VARIABLE = YES;
				IPHONEOS_DEPLOYMENT_TARGET = 17.2;
				LOCALIZATION_PREFERS_STRING_CATALOGS = YES;
				MTL_ENABLE_DEBUG_INFO = NO;
				MTL_FAST_MATH = YES;
				SDKROOT = iphoneos;
				SWIFT_COMPILATION_MODE = wholemodule;
				VALIDATE_PRODUCT = YES;
			};
			name = Release;
		};
		25432F6C2C8F110F00F6AAB8 /* Debug */ = {
			isa = XCBuildConfiguration;
			buildSettings = {
				ASSETCATALOG_COMPILER_APPICON_NAME = AppIcon;
				ASSETCATALOG_COMPILER_GLOBAL_ACCENT_COLOR_NAME = AccentColor;
				CODE_SIGN_STYLE = Automatic;
				CURRENT_PROJECT_VERSION = 1;
				GENERATE_INFOPLIST_FILE = YES;
				INFOPLIST_FILE = MovieMax/Info.plist;
				INFOPLIST_KEY_UIApplicationSupportsIndirectInputEvents = YES;
				INFOPLIST_KEY_UILaunchStoryboardName = LaunchScreen;
				INFOPLIST_KEY_UIMainStoryboardFile = Main;
				INFOPLIST_KEY_UISupportedInterfaceOrientations_iPad = "UIInterfaceOrientationPortrait UIInterfaceOrientationPortraitUpsideDown UIInterfaceOrientationLandscapeLeft UIInterfaceOrientationLandscapeRight";
				INFOPLIST_KEY_UISupportedInterfaceOrientations_iPhone = "UIInterfaceOrientationPortrait UIInterfaceOrientationLandscapeLeft UIInterfaceOrientationLandscapeRight";
				LD_RUNPATH_SEARCH_PATHS = (
					"$(inherited)",
					"@executable_path/Frameworks",
				);
				MARKETING_VERSION = 1.0;
				PRODUCT_BUNDLE_IDENTIFIER = com.pentaloop.MovieMax;
				PRODUCT_NAME = "$(TARGET_NAME)";
				SWIFT_EMIT_LOC_STRINGS = YES;
				SWIFT_VERSION = 5.0;
				TARGETED_DEVICE_FAMILY = "1,2";
			};
			name = Debug;
		};
		25432F6D2C8F110F00F6AAB8 /* Release */ = {
			isa = XCBuildConfiguration;
			buildSettings = {
				ASSETCATALOG_COMPILER_APPICON_NAME = AppIcon;
				ASSETCATALOG_COMPILER_GLOBAL_ACCENT_COLOR_NAME = AccentColor;
				CODE_SIGN_STYLE = Automatic;
				CURRENT_PROJECT_VERSION = 1;
				GENERATE_INFOPLIST_FILE = YES;
				INFOPLIST_FILE = MovieMax/Info.plist;
				INFOPLIST_KEY_UIApplicationSupportsIndirectInputEvents = YES;
				INFOPLIST_KEY_UILaunchStoryboardName = LaunchScreen;
				INFOPLIST_KEY_UIMainStoryboardFile = Main;
				INFOPLIST_KEY_UISupportedInterfaceOrientations_iPad = "UIInterfaceOrientationPortrait UIInterfaceOrientationPortraitUpsideDown UIInterfaceOrientationLandscapeLeft UIInterfaceOrientationLandscapeRight";
				INFOPLIST_KEY_UISupportedInterfaceOrientations_iPhone = "UIInterfaceOrientationPortrait UIInterfaceOrientationLandscapeLeft UIInterfaceOrientationLandscapeRight";
				LD_RUNPATH_SEARCH_PATHS = (
					"$(inherited)",
					"@executable_path/Frameworks",
				);
				MARKETING_VERSION = 1.0;
				PRODUCT_BUNDLE_IDENTIFIER = com.pentaloop.MovieMax;
				PRODUCT_NAME = "$(TARGET_NAME)";
				SWIFT_EMIT_LOC_STRINGS = YES;
				SWIFT_VERSION = 5.0;
				TARGETED_DEVICE_FAMILY = "1,2";
			};
			name = Release;
		};
/* End XCBuildConfiguration section */

/* Begin XCConfigurationList section */
		25432F522C8F110B00F6AAB8 /* Build configuration list for PBXProject "MovieMax" */ = {
			isa = XCConfigurationList;
			buildConfigurations = (
				25432F692C8F110F00F6AAB8 /* Debug */,
				25432F6A2C8F110F00F6AAB8 /* Release */,
			);
			defaultConfigurationIsVisible = 0;
			defaultConfigurationName = Release;
		};
		25432F6B2C8F110F00F6AAB8 /* Build configuration list for PBXNativeTarget "MovieMax" */ = {
			isa = XCConfigurationList;
			buildConfigurations = (
				25432F6C2C8F110F00F6AAB8 /* Debug */,
				25432F6D2C8F110F00F6AAB8 /* Release */,
			);
			defaultConfigurationIsVisible = 0;
			defaultConfigurationName = Release;
		};
/* End XCConfigurationList section */
	};
	rootObject = 25432F4F2C8F110B00F6AAB8 /* Project object */;
}
